// !$*UTF8*$!
{
	archiveVersion = 1;
	classes = {
	};
	objectVersion = 46;
	objects = {

/* Begin PBXBuildFile section */
		469F02301E202B3C008BD1C2 /* AppDelegate.swift in Sources */ = {isa = PBXBuildFile; fileRef = 469F022F1E202B3C008BD1C2 /* AppDelegate.swift */; };
		469F02371E202B3D008BD1C2 /* Assets.xcassets in Resources */ = {isa = PBXBuildFile; fileRef = 469F02361E202B3D008BD1C2 /* Assets.xcassets */; };
		469F023A1E202B3D008BD1C2 /* LaunchScreen.storyboard in Resources */ = {isa = PBXBuildFile; fileRef = 469F02381E202B3D008BD1C2 /* LaunchScreen.storyboard */; };
		469F02421E202B57008BD1C2 /* FrontVC.swift in Sources */ = {isa = PBXBuildFile; fileRef = 469F02411E202B57008BD1C2 /* FrontVC.swift */; };
		469F02441E202B62008BD1C2 /* BackVC.swift in Sources */ = {isa = PBXBuildFile; fileRef = 469F02431E202B62008BD1C2 /* BackVC.swift */; };
		469F02461E203953008BD1C2 /* FrontView.xib in Resources */ = {isa = PBXBuildFile; fileRef = 469F02451E203953008BD1C2 /* FrontView.xib */; };
		469F02481E20395D008BD1C2 /* BackView.xib in Resources */ = {isa = PBXBuildFile; fileRef = 469F02471E20395D008BD1C2 /* BackView.xib */; };
/* End PBXBuildFile section */

/* Begin PBXFileReference section */
		469F022C1E202B3C008BD1C2 /* SwitchView.app */ = {isa = PBXFileReference; explicitFileType = wrapper.application; includeInIndex = 0; path = SwitchView.app; sourceTree = BUILT_PRODUCTS_DIR; };
		469F022F1E202B3C008BD1C2 /* AppDelegate.swift */ = {isa = PBXFileReference; lastKnownFileType = sourcecode.swift; path = AppDelegate.swift; sourceTree = "<group>"; };
		469F02361E202B3D008BD1C2 /* Assets.xcassets */ = {isa = PBXFileReference; lastKnownFileType = folder.assetcatalog; path = Assets.xcassets; sourceTree = "<group>"; };
		469F02391E202B3D008BD1C2 /* Base */ = {isa = PBXFileReference; lastKnownFileType = file.storyboard; name = Base; path = Base.lproj/LaunchScreen.storyboard; sourceTree = "<group>"; };
		469F023B1E202B3D008BD1C2 /* Info.plist */ = {isa = PBXFileReference; lastKnownFileType = text.plist.xml; path = Info.plist; sourceTree = "<group>"; };
		469F02411E202B57008BD1C2 /* FrontVC.swift */ = {isa = PBXFileReference; fileEncoding = 4; lastKnownFileType = sourcecode.swift; path = FrontVC.swift; sourceTree = "<group>"; };
		469F02431E202B62008BD1C2 /* BackVC.swift */ = {isa = PBXFileReference; fileEncoding = 4; lastKnownFileType = sourcecode.swift; path = BackVC.swift; sourceTree = "<group>"; };
		469F02451E203953008BD1C2 /* FrontView.xib */ = {isa = PBXFileReference; fileEncoding = 4; lastKnownFileType = file.xib; path = FrontView.xib; sourceTree = "<group>"; };
		469F02471E20395D008BD1C2 /* BackView.xib */ = {isa = PBXFileReference; fileEncoding = 4; lastKnownFileType = file.xib; path = BackView.xib; sourceTree = "<group>"; };
/* End PBXFileReference section */

/* Begin PBXFrameworksBuildPhase section */
		469F02291E202B3C008BD1C2 /* Frameworks */ = {
			isa = PBXFrameworksBuildPhase;
			buildActionMask = 2147483647;
			files = (
			);
			runOnlyForDeploymentPostprocessing = 0;
		};
/* End PBXFrameworksBuildPhase section */

/* Begin PBXGroup section */
		469F02231E202B3C008BD1C2 = {
			isa = PBXGroup;
			children = (
				469F022E1E202B3C008BD1C2 /* SwitchView */,
				469F022D1E202B3C008BD1C2 /* Products */,
			);
			sourceTree = "<group>";
		};
		469F022D1E202B3C008BD1C2 /* Products */ = {
			isa = PBXGroup;
			children = (
				469F022C1E202B3C008BD1C2 /* SwitchView.app */,
			);
			name = Products;
			sourceTree = "<group>";
		};
		469F022E1E202B3C008BD1C2 /* SwitchView */ = {
			isa = PBXGroup;
			children = (
				469F022F1E202B3C008BD1C2 /* AppDelegate.swift */,
				469F02361E202B3D008BD1C2 /* Assets.xcassets */,
				469F02381E202B3D008BD1C2 /* LaunchScreen.storyboard */,
				469F023B1E202B3D008BD1C2 /* Info.plist */,
				469F02411E202B57008BD1C2 /* FrontVC.swift */,
				469F02431E202B62008BD1C2 /* BackVC.swift */,
				469F02451E203953008BD1C2 /* FrontView.xib */,
				469F02471E20395D008BD1C2 /* BackView.xib */,
			);
			path = SwitchView;
			sourceTree = "<group>";
		};
/* End PBXGroup section */

/* Begin PBXNativeTarget section */
		469F022B1E202B3C008BD1C2 /* SwitchView */ = {
			isa = PBXNativeTarget;
			buildConfigurationList = 469F023E1E202B3D008BD1C2 /* Build configuration list for PBXNativeTarget "SwitchView" */;
			buildPhases = (
				469F02281E202B3C008BD1C2 /* Sources */,
				469F02291E202B3C008BD1C2 /* Frameworks */,
				469F022A1E202B3C008BD1C2 /* Resources */,
			);
			buildRules = (
			);
			dependencies = (
			);
			name = SwitchView;
			productName = SwitchView;
			productReference = 469F022C1E202B3C008BD1C2 /* SwitchView.app */;
			productType = "com.apple.product-type.application";
		};
/* End PBXNativeTarget section */

/* Begin PBXProject section */
		469F02241E202B3C008BD1C2 /* Project object */ = {
			isa = PBXProject;
			attributes = {
				LastSwiftUpdateCheck = 0820;
				LastUpgradeCheck = 0820;
				ORGANIZATIONNAME = georgi;
				TargetAttributes = {
					469F022B1E202B3C008BD1C2 = {
						CreatedOnToolsVersion = 8.2.1;
						ProvisioningStyle = Automatic;
					};
				};
			};
			buildConfigurationList = 469F02271E202B3C008BD1C2 /* Build configuration list for PBXProject "SwitchView" */;
			compatibilityVersion = "Xcode 3.2";
			developmentRegion = English;
			hasScannedForEncodings = 0;
			knownRegions = (
				en,
				Base,
			);
			mainGroup = 469F02231E202B3C008BD1C2;
			productRefGroup = 469F022D1E202B3C008BD1C2 /* Products */;
			projectDirPath = "";
			projectRoot = "";
			targets = (
				469F022B1E202B3C008BD1C2 /* SwitchView */,
			);
		};
/* End PBXProject section */

/* Begin PBXResourcesBuildPhase section */
		469F022A1E202B3C008BD1C2 /* Resources */ = {
			isa = PBXResourcesBuildPhase;
			buildActionMask = 2147483647;
			files = (
				469F023A1E202B3D008BD1C2 /* LaunchScreen.storyboard in Resources */,
				469F02481E20395D008BD1C2 /* BackView.xib in Resources */,
				469F02371E202B3D008BD1C2 /* Assets.xcassets in Resources */,
				469F02461E203953008BD1C2 /* FrontView.xib in Resources */,
			);
			runOnlyForDeploymentPostprocessing = 0;
		};
/* End PBXResourcesBuildPhase section */

/* Begin PBXSourcesBuildPhase section */
		469F02281E202B3C008BD1C2 /* Sources */ = {
			isa = PBXSourcesBuildPhase;
			buildActionMask = 2147483647;
			files = (
				469F02441E202B62008BD1C2 /* BackVC.swift in Sources */,
				469F02301E202B3C008BD1C2 /* AppDelegate.swift in Sources */,
				469F02421E202B57008BD1C2 /* FrontVC.swift in Sources */,
			);
			runOnlyForDeploymentPostprocessing = 0;
		};
/* End PBXSourcesBuildPhase section */

/* Begin PBXVariantGroup section */
		469F02381E202B3D008BD1C2 /* LaunchScreen.storyboard */ = {
			isa = PBXVariantGroup;
			children = (
				469F02391E202B3D008BD1C2 /* Base */,
			);
			name = LaunchScreen.storyboard;
			sourceTree = "<group>";
		};
/* End PBXVariantGroup section */

/* Begin XCBuildConfiguration section */
		469F023C1E202B3D008BD1C2 /* Debug */ = {
			isa = XCBuildConfiguration;
			buildSettings = {
				ALWAYS_SEARCH_USER_PATHS = NO;
				CLANG_ANALYZER_NONNULL = YES;
				CLANG_CXX_LANGUAGE_STANDARD = "gnu++0x";
				CLANG_CXX_LIBRARY = "libc++";
				CLANG_ENABLE_MODULES = YES;
				CLANG_ENABLE_OBJC_ARC = YES;
				CLANG_WARN_BOOL_CONVERSION = YES;
				CLANG_WARN_CONSTANT_CONVERSION = YES;
				CLANG_WARN_DIRECT_OBJC_ISA_USAGE = YES_ERROR;
				CLANG_WARN_DOCUMENTATION_COMMENTS = YES;
				CLANG_WARN_EMPTY_BODY = YES;
				CLANG_WARN_ENUM_CONVERSION = YES;
				CLANG_WARN_INFINITE_RECURSION = YES;
				CLANG_WARN_INT_CONVERSION = YES;
				CLANG_WARN_OBJC_ROOT_CLASS = YES_ERROR;
				CLANG_WARN_SUSPICIOUS_MOVE = YES;
				CLANG_WARN_UNREACHABLE_CODE = YES;
				CLANG_WARN__DUPLICATE_METHOD_MATCH = YES;
				"CODE_SIGN_IDENTITY[sdk=iphoneos*]" = "iPhone Developer";
				COPY_PHASE_STRIP = NO;
				DEBUG_INFORMATION_FORMAT = dwarf;
				ENABLE_STRICT_OBJC_MSGSEND = YES;
				ENABLE_TESTABILITY = YES;
				GCC_C_LANGUAGE_STANDARD = gnu99;
				GCC_DYNAMIC_NO_PIC = NO;
				GCC_NO_COMMON_BLOCKS = YES;
				GCC_OPTIMIZATION_LEVEL = 0;
				GCC_PREPROCESSOR_DEFINITIONS = (
					"DEBUG=1",
					"$(inherited)",
				);
				GCC_WARN_64_TO_32_BIT_CONVERSION = YES;
				GCC_WARN_ABOUT_RETURN_TYPE = YES_ERROR;
				GCC_WARN_UNDECLARED_SELECTOR = YES;
				GCC_WARN_UNINITIALIZED_AUTOS = YES_AGGRESSIVE;
				GCC_WARN_UNUSED_FUNCTION = YES;
				GCC_WARN_UNUSED_VARIABLE = YES;
				IPHONEOS_DEPLOYMENT_TARGET = 10.2;
				MTL_ENABLE_DEBUG_INFO = YES;
				ONLY_ACTIVE_ARCH = YES;
				SDKROOT = iphoneos;
				SWIFT_ACTIVE_COMPILATION_CONDITIONS = DEBUG;
				SWIFT_OPTIMIZATION_LEVEL = "-Onone";
			};
			name = Debug;
		};
		469F023D1E202B3D008BD1C2 /* Release */ = {
			isa = XCBuildConfiguration;
			buildSettings = {
				ALWAYS_SEARCH_USER_PATHS = NO;
				CLANG_ANALYZER_NONNULL = YES;
				CLANG_CXX_LANGUAGE_STANDARD = "gnu++0x";
				CLANG_CXX_LIBRARY = "libc++";
				CLANG_ENABLE_MODULES = YES;
				CLANG_ENABLE_OBJC_ARC = YES;
				CLANG_WARN_BOOL_CONVERSION = YES;
				CLANG_WARN_CONSTANT_CONVERSION = YES;
				CLANG_WARN_DIRECT_OBJC_ISA_USAGE = YES_ERROR;
				CLANG_WARN_DOCUMENTATION_COMMENTS = YES;
				CLANG_WARN_EMPTY_BODY = YES;
				CLANG_WARN_ENUM_CONVERSION = YES;
				CLANG_WARN_INFINITE_RECURSION = YES;
				CLANG_WARN_INT_CONVERSION = YES;
				CLANG_WARN_OBJC_ROOT_CLASS = YES_ERROR;
				CLANG_WARN_SUSPICIOUS_MOVE = YES;
				CLANG_WARN_UNREACHABLE_CODE = YES;
				CLANG_WARN__DUPLICATE_METHOD_MATCH = YES;
				"CODE_SIGN_IDENTITY[sdk=iphoneos*]" = "iPhone Developer";
				COPY_PHASE_STRIP = NO;
				DEBUG_INFORMATION_FORMAT = "dwarf-with-dsym";
				ENABLE_NS_ASSERTIONS = NO;
				ENABLE_STRICT_OBJC_MSGSEND = YES;
				GCC_C_LANGUAGE_STANDARD = gnu99;
				GCC_NO_COMMON_BLOCKS = YES;
				GCC_WARN_64_TO_32_BIT_CONVERSION = YES;
				GCC_WARN_ABOUT_RETURN_TYPE = YES_ERROR;
				GCC_WARN_UNDECLARED_SELECTOR = YES;
				GCC_WARN_UNINITIALIZED_AUTOS = YES_AGGRESSIVE;
				GCC_WARN_UNUSED_FUNCTION = YES;
				GCC_WARN_UNUSED_VARIABLE = YES;
				IPHONEOS_DEPLOYMENT_TARGET = 10.2;
				MTL_ENABLE_DEBUG_INFO = NO;
				SDKROOT = iphoneos;
				SWIFT_OPTIMIZATION_LEVEL = "-Owholemodule";
				VALIDATE_PRODUCT = YES;
			};
			name = Release;
		};
		469F023F1E202B3D008BD1C2 /* Debug */ = {
			isa = XCBuildConfiguration;
			buildSettings = {
				ASSETCATALOG_COMPILER_APPICON_NAME = AppIcon;
				INFOPLIST_FILE = SwitchView/Info.plist;
				LD_RUNPATH_SEARCH_PATHS = "$(inherited) @executable_path/Frameworks";
				PRODUCT_BUNDLE_IDENTIFIER = georgi.SwitchView;
				PRODUCT_NAME = "$(TARGET_NAME)";
				SWIFT_VERSION = 3.0;
			};
			name = Debug;
		};
		469F02401E202B3D008BD1C2 /* Release */ = {
			isa = XCBuildConfiguration;
			buildSettings = {
				ASSETCATALOG_COMPILER_APPICON_NAME = AppIcon;
				INFOPLIST_FILE = SwitchView/Info.plist;
				LD_RUNPATH_SEARCH_PATHS = "$(inherited) @executable_path/Frameworks";
				PRODUCT_BUNDLE_IDENTIFIER = georgi.SwitchView;
				PRODUCT_NAME = "$(TARGET_NAME)";
				SWIFT_VERSION = 3.0;
			};
			name = Release;
		};
/* End XCBuildConfiguration section */

/* Begin XCConfigurationList section */
		469F02271E202B3C008BD1C2 /* Build configuration list for PBXProject "SwitchView" */ = {
			isa = XCConfigurationList;
			buildConfigurations = (
				469F023C1E202B3D008BD1C2 /* Debug */,
				469F023D1E202B3D008BD1C2 /* Release */,
			);
			defaultConfigurationIsVisible = 0;
			defaultConfigurationName = Release;
		};
		469F023E1E202B3D008BD1C2 /* Build configuration list for PBXNativeTarget "SwitchView" */ = {
			isa = XCConfigurationList;
			buildConfigurations = (
				469F023F1E202B3D008BD1C2 /* Debug */,
				469F02401E202B3D008BD1C2 /* Release */,
			);
			defaultConfigurationIsVisible = 0;
			defaultConfigurationName = Release;
		};
/* End XCConfigurationList section */
	};
	rootObject = 469F02241E202B3C008BD1C2 /* Project object */;
}
